
Microsoft Visual Studio Solution File, Format Version 12.00
# Visual Studio 15
VisualStudioVersion = 15.0.28307.1145
MinimumVisualStudioVersion = 10.0.40219.1
Project("{FAE04EC0-301F-11D3-BF4B-00C04F79EFBC}") = "ss2_snipper20", "ss2_snipper20\ss2_snipper20.csproj", "{CBE106AF-348E-4B41-856B-7BD631F43A0E}"
EndProject
Global
	GlobalSection(SolutionConfigurationPlatforms) = preSolution
		Debug|Any CPU = Debug|Any CPU
		Release|Any CPU = Release|Any CPU
	EndGlobalSection
	GlobalSection(ProjectConfigurationPlatforms) = postSolution
		{CBE106AF-348E-4B41-856B-7BD631F43A0E}.Debug|Any CPU.ActiveCfg = Debug|Any CPU
		{CBE106AF-348E-4B41-856B-7BD631F43A0E}.Debug|Any CPU.Build.0 = Debug|Any CPU
		{CBE106AF-348E-4B41-856B-7BD631F43A0E}.Release|Any CPU.ActiveCfg = Release|Any CPU
		{CBE106AF-348E-4B41-856B-7BD631F43A0E}.Release|Any CPU.Build.0 = Release|Any CPU
	EndGlobalSection
	GlobalSection(SolutionProperties) = preSolution
		HideSolutionNode = FALSE
	EndGlobalSection
	GlobalSection(ExtensibilityGlobals) = postSolution
		SolutionGuid = {8669C412-E4F5-4B18-9F2F-51FB8D0F2367}
	EndGlobalSection
EndGlobal
