
Microsoft Visual Studio Solution File, Format Version 12.00
# Visual Studio 15
VisualStudioVersion = 15.0.28307.1145
MinimumVisualStudioVersion = 10.0.40219.1
Project("{FAE04EC0-301F-11D3-BF4B-00C04F79EFBC}") = "ss2__snipper12", "ss2__snipper12\ss2__snipper12.csproj", "{776F8C80-2A1C-4C59-B9A0-71FFF8EE5B7F}"
EndProject
Global
	GlobalSection(SolutionConfigurationPlatforms) = preSolution
		Debug|Any CPU = Debug|Any CPU
		Release|Any CPU = Release|Any CPU
	EndGlobalSection
	GlobalSection(ProjectConfigurationPlatforms) = postSolution
		{776F8C80-2A1C-4C59-B9A0-71FFF8EE5B7F}.Debug|Any CPU.ActiveCfg = Debug|Any CPU
		{776F8C80-2A1C-4C59-B9A0-71FFF8EE5B7F}.Debug|Any CPU.Build.0 = Debug|Any CPU
		{776F8C80-2A1C-4C59-B9A0-71FFF8EE5B7F}.Release|Any CPU.ActiveCfg = Release|Any CPU
		{776F8C80-2A1C-4C59-B9A0-71FFF8EE5B7F}.Release|Any CPU.Build.0 = Release|Any CPU
	EndGlobalSection
	GlobalSection(SolutionProperties) = preSolution
		HideSolutionNode = FALSE
	EndGlobalSection
	GlobalSection(ExtensibilityGlobals) = postSolution
		SolutionGuid = {1F16B917-DA7B-4F37-9B10-26C6CD8E5D92}
	EndGlobalSection
EndGlobal
