
Microsoft Visual Studio Solution File, Format Version 12.00
# Visual Studio 15
VisualStudioVersion = 15.0.28307.1145
MinimumVisualStudioVersion = 10.0.40219.1
Project("{FAE04EC0-301F-11D3-BF4B-00C04F79EFBC}") = "ss2_snipper3", "ss2_snipper3\ss2_snipper3.csproj", "{44557888-2D6E-4F53-B0E1-4A177F027615}"
EndProject
Global
	GlobalSection(SolutionConfigurationPlatforms) = preSolution
		Debug|Any CPU = Debug|Any CPU
		Release|Any CPU = Release|Any CPU
	EndGlobalSection
	GlobalSection(ProjectConfigurationPlatforms) = postSolution
		{44557888-2D6E-4F53-B0E1-4A177F027615}.Debug|Any CPU.ActiveCfg = Debug|Any CPU
		{44557888-2D6E-4F53-B0E1-4A177F027615}.Debug|Any CPU.Build.0 = Debug|Any CPU
		{44557888-2D6E-4F53-B0E1-4A177F027615}.Release|Any CPU.ActiveCfg = Release|Any CPU
		{44557888-2D6E-4F53-B0E1-4A177F027615}.Release|Any CPU.Build.0 = Release|Any CPU
	EndGlobalSection
	GlobalSection(SolutionProperties) = preSolution
		HideSolutionNode = FALSE
	EndGlobalSection
	GlobalSection(ExtensibilityGlobals) = postSolution
		SolutionGuid = {8DD53AA9-6843-4B06-8D03-AA8754686093}
	EndGlobalSection
EndGlobal
