
Microsoft Visual Studio Solution File, Format Version 12.00
# Visual Studio 15
VisualStudioVersion = 15.0.28307.1145
MinimumVisualStudioVersion = 10.0.40219.1
Project("{FAE04EC0-301F-11D3-BF4B-00C04F79EFBC}") = "ss2_snipper4", "ss2_snipper4\ss2_snipper4.csproj", "{E281698D-0903-4BC5-AF51-E35EA581B179}"
EndProject
Global
	GlobalSection(SolutionConfigurationPlatforms) = preSolution
		Debug|Any CPU = Debug|Any CPU
		Release|Any CPU = Release|Any CPU
	EndGlobalSection
	GlobalSection(ProjectConfigurationPlatforms) = postSolution
		{E281698D-0903-4BC5-AF51-E35EA581B179}.Debug|Any CPU.ActiveCfg = Debug|Any CPU
		{E281698D-0903-4BC5-AF51-E35EA581B179}.Debug|Any CPU.Build.0 = Debug|Any CPU
		{E281698D-0903-4BC5-AF51-E35EA581B179}.Release|Any CPU.ActiveCfg = Release|Any CPU
		{E281698D-0903-4BC5-AF51-E35EA581B179}.Release|Any CPU.Build.0 = Release|Any CPU
	EndGlobalSection
	GlobalSection(SolutionProperties) = preSolution
		HideSolutionNode = FALSE
	EndGlobalSection
	GlobalSection(ExtensibilityGlobals) = postSolution
		SolutionGuid = {99DDC134-6F2E-48EF-959B-13961DE0071F}
	EndGlobalSection
EndGlobal
